version = 1
revision = 3
requires-python = ">=3.11"

[[package]]
name = "click"
version = "8.4.2"
source = { registry = "https://pypi.org/simple" }
dependencies = [
    { name = "colorama", marker = "sys_platform == 'win32'" },
]
sdist = { url = "https://files.pythonhosted.org/packages/76/d4/81420972a676e8ffea40450d8c8c92943e7218a78fe9b64359836cc9876b/click-8.4.2.tar.gz", hash = "sha256:9a6cea6e60b17ebe0a44c5cc636d94f09bd66142c1cd7d8b4cd731c4917a15f6", size = 338000, upload-time = "2026-06-24T17:45:15.148Z" }
wheels = [
    { url = "https://files.pythonhosted.org/packages/fb/e2/79c688af8b210d232694e31e59da9f6ec747bae31c3f5946e4e9b98860d5/click-8.4.2-py3-none-any.whl", hash = "sha256:e6f9f66136c816745b9d65817da91d61d957fb16e02e4dcd0552553c5a197b76", size = 119243, upload-time = "2026-06-24T17:45:13.73Z" },
]

[[package]]
name = "colorama"
version = "0.4.6"
source = { registry = "https://pypi.org/simple" }
sdist = { url = "https://files.pythonhosted.org/packages/d8/53/6f443c9a4a8358a93a6792e2acffb9d9d5cb0a5cfd8802644b7b1c9a02e4/colorama-0.4.6.tar.gz", hash = "sha256:08695f5cb7ed6e0531a20572697297273c47b8cae5a63ffc6d6ed5c201be6e44", size = 27697, upload-time = "2022-10-25T02:36:22.414Z" }
wheels = [
    { url = "https://files.pythonhosted.org/packages/d1/d6/3965ed04c63042e047cb6a3e6ed1a63a35087b6a609aa3a15ed8ac56c221/colorama-0.4.6-py2.py3-none-any.whl", hash = "sha256:4f1d9991f5acc0ca119f9d443620b77f9d6b33703e51011c16baf57afb285fc6", size = 25335, upload-time = "2022-10-25T02:36:20.889Z" },
]

[[package]]
name = "debugpy"
version = "1.8.21"
source = { registry = "https://pypi.org/simple" }
sdist = { url = "https://files.pythonhosted.org/packages/f2/aa/12037145b7a56eaa5b29b41872f7a21b538e807e13f32c4d3c46e59be084/debugpy-1.8.21.tar.gz", hash = "sha256:a3c53278e84c94e11bd87c53970ec391d1a67396c8b22609fcac576520e611a6", size = 1697577, upload-time = "2026-06-01T19:30:35.156Z" }
wheels = [
    { url = "https://files.pythonhosted.org/packages/89/fb/cbf306d6e07a313a91e7171a98669054502840931432c227cfd505ee367f/debugpy-1.8.21-cp311-cp311-macosx_15_0_universal2.whl", hash = "sha256:da456226c7b4c69e35dbe35dcee6623d912000a77816db7856a41af1c72a0264", size = 2203120, upload-time = "2026-06-01T19:30:43.964Z" },
    { url = "https://files.pythonhosted.org/packages/aa/57/aa739bd4ad2cbf96aeb1b20b56918ddd5ae4c28b68709bfcd327f02123ee/debugpy-1.8.21-cp311-cp311-manylinux_2_34_x86_64.whl", hash = "sha256:f68b891688e61bdc08b8d364d919ff0051e0b94657b39dcd027bc3173edb7cdc", size = 3059958, upload-time = "2026-06-01T19:30:45.622Z" },
    { url = "https://files.pythonhosted.org/packages/a8/31/453d2c9a23d133fe2c8ec7ca1d816ded52a913487fe3ffef7c01b4b706af/debugpy-1.8.21-cp311-cp311-win32.whl", hash = "sha256:f843a8b08c2edeaf9b1582eed4f25441af21a297c22ff16bf76a662557aa9c9e", size = 5236515, upload-time = "2026-06-01T19:30:47.461Z" },
    { url = "https://files.pythonhosted.org/packages/60/94/6660de2f2d7bf388f229335ba4637646eebabdbf38564cb439a95a9193c9/debugpy-1.8.21-cp311-cp311-win_amd64.whl", hash = "sha256:84c564d8cc701d41843b29a92814c1f1bef6798724ca9d675c284ad9f6a547d7", size = 5256138, upload-time = "2026-06-01T19:30:49.113Z" },
    { url = "https://files.pythonhosted.org/packages/a2/df/bf625547431a9cadc9f4cbfeda38866e2b17f6aed147b625377e87834449/debugpy-1.8.21-cp312-cp312-macosx_15_0_universal2.whl", hash = "sha256:9f96713896f39c3dff0ee841f47320c3f2983d33c341e009361bb0ebc79adc4e", size = 2483609, upload-time = "2026-06-01T19:30:50.794Z" },
    { url = "https://files.pythonhosted.org/packages/bf/09/59324b903599031ff9faaec1758292409f6561a0ec2492fe4b703327705a/debugpy-1.8.21-cp312-cp312-manylinux_2_34_x86_64.whl", hash = "sha256:c193d474f0a211191f2b4449d2d06157c689013035bd952f3b617e0ef422b176", size = 3968900, upload-time = "2026-06-01T19:30:52.341Z" },
    { url = "https://files.pythonhosted.org/packages/14/cd/27f65b805d7fe005c44e1a36b9183ecdfbcdbf9d3e721a5115d461ecc7ee/debugpy-1.8.21-cp312-cp312-win32.whl", hash = "sha256:4743373c1cac7f9e74a1b9915bf1dbe0e900eca657ffb170ae07ac8363205ae9", size = 5336340, upload-time = "2026-06-01T19:30:54.047Z" },
    { url = "https://files.pythonhosted.org/packages/77/1d/c84e30c0c674184948b66f076ab271c01d940618a2824c23cd035a27bc20/debugpy-1.8.21-cp312-cp312-win_amd64.whl", hash = "sha256:bd7ba9dd3daa7c2f942c6ca8d4695a16bf9ac16b63615261c7982bc74f7ed20c", size = 5374751, upload-time = "2026-06-01T19:30:55.891Z" },
    { url = "https://files.pythonhosted.org/packages/77/6b/d817e1f8cc77aa055d37fba092e0febfdff40fe652d8d53d4cd7a86ad98d/debugpy-1.8.21-cp313-cp313-macosx_15_0_universal2.whl", hash = "sha256:13678151fc401e2d68c9880b91e28714f797d40422994572b24560ef80910a88", size = 2477398, upload-time = "2026-06-01T19:30:57.644Z" },
    { url = "https://files.pythonhosted.org/packages/48/57/412421516afc3055fa577516f00beec3d663f9b0ab330639547ae6c57720/debugpy-1.8.21-cp313-cp313-manylinux_2_34_x86_64.whl", hash = "sha256:ecbd158386c31ffe71d46f72d44d56e66331ab9b16cad649156d514368f23ab2", size = 3962096, upload-time = "2026-06-01T19:30:59.235Z" },
    { url = "https://files.pythonhosted.org/packages/c1/62/2c616337cf6ba7b07ebbc97f02c6c945a8e2f76b365e33ee809c32ee36d1/debugpy-1.8.21-cp313-cp313-win32.whl", hash = "sha256:2c2ae706dec41d99a9ca1f7ebc987a83e65578363be6f6b3ac9067504917fae1", size = 5336288, upload-time = "2026-06-01T19:31:00.79Z" },
    { url = "https://files.pythonhosted.org/packages/f8/99/9175103392f84c4b1bf7622888cdc68da07f0ff7d9e581266428f6776033/debugpy-1.8.21-cp313-cp313-win_amd64.whl", hash = "sha256:aa648733047443eb1d07682c4ef287d36a54507b643ffdf38b09a3ef002c72a0", size = 5376567, upload-time = "2026-06-01T19:31:02.56Z" },
    { url = "https://files.pythonhosted.org/packages/ce/3d/f4bbb323a548bfab2af3d6b4ffd9bf22636e55956a1285d317a1de643aad/debugpy-1.8.21-cp314-cp314-macosx_15_0_universal2.whl", hash = "sha256:9bb2a685287a2ac9b181cde89edcec64845cb51de7faaa75badb9a698bc24782", size = 2477209, upload-time = "2026-06-01T19:31:04.157Z" },
    { url = "https://files.pythonhosted.org/packages/8c/2d/6e7ec524984a1702777868de49a4c53202bddac2a432a76a093469587750/debugpy-1.8.21-cp314-cp314-manylinux_2_34_x86_64.whl", hash = "sha256:3d6922439bf33fd38a3e2c447869ebc7b97da5cd3d329ff1ef9bc06c4903437e", size = 3927115, upload-time = "2026-06-01T19:31:05.863Z" },
    { url = "https://files.pythonhosted.org/packages/97/47/d1aa6d64005a98a9144647d99306b419396f9ad7bf1d73c119e17a81fb4d/debugpy-1.8.21-cp314-cp314-win32.whl", hash = "sha256:15d4963bd5ffa48f0da0947fd06757fa7621945048a14ad7705431566d3c0e7c", size = 5336724, upload-time = "2026-06-01T19:31:07.711Z" },
    { url = "https://files.pythonhosted.org/packages/5f/67/b905b90d163af11878c1af8abafa4a25206335e112e284e413454543a6da/debugpy-1.8.21-cp314-cp314-win_amd64.whl", hash = "sha256:fe0744a12353406de0ae8ccff0d0a4a666f00801a3db8fd04e7a5f761cd520e8", size = 5373803, upload-time = "2026-06-01T19:31:09.469Z" },
    { url = "https://files.pythonhosted.org/packages/95/51/67e7cf11a53e40694f720457d5b3a1cdaaa3d5a9a633e482f225456b93ff/debugpy-1.8.21-py2.py3-none-any.whl", hash = "sha256:b1e37d333663c8851516a47364ef473da127f9caebe4417e6df6f5825a7e9a92", size = 5352888, upload-time = "2026-06-01T19:31:25.186Z" },
]

[[package]]
name = "iniconfig"
version = "2.3.0"
source = { registry = "https://pypi.org/simple" }
sdist = { url = "https://files.pythonhosted.org/packages/72/34/14ca021ce8e5dfedc35312d08ba8bf51fdd999c576889fc2c24cb97f4f10/iniconfig-2.3.0.tar.gz", hash = "sha256:c76315c77db068650d49c5b56314774a7804df16fee4402c1f19d6d15d8c4730", size = 20503, upload-time = "2025-10-18T21:55:43.219Z" }
wheels = [
    { url = "https://files.pythonhosted.org/packages/cb/b1/3846dd7f199d53cb17f49cba7e651e9ce294d8497c8c150530ed11865bb8/iniconfig-2.3.0-py3-none-any.whl", hash = "sha256:f631c04d2c48c52b84d0d0549c99ff3859c98df65b3101406327ecc7d53fbf12", size = 7484, upload-time = "2025-10-18T21:55:41.639Z" },
]

[[package]]
name = "packaging"
version = "26.2"
source = { registry = "https://pypi.org/simple" }
sdist = { url = "https://files.pythonhosted.org/packages/d7/f1/e7a6dd94a8d4a5626c03e4e99c87f241ba9e350cd9e6d75123f992427270/packaging-26.2.tar.gz", hash = "sha256:ff452ff5a3e828ce110190feff1178bb1f2ea2281fa2075aadb987c2fb221661", size = 228134, upload-time = "2026-04-24T20:15:23.917Z" }
wheels = [
    { url = "https://files.pythonhosted.org/packages/df/b2/87e62e8c3e2f4b32e5fe99e0b86d576da1312593b39f47d8ceef365e95ed/packaging-26.2-py3-none-any.whl", hash = "sha256:5fc45236b9446107ff2415ce77c807cee2862cb6fac22b8a73826d0693b0980e", size = 100195, upload-time = "2026-04-24T20:15:22.081Z" },
]

[[package]]
name = "pluggy"
version = "1.6.0"
source = { registry = "https://pypi.org/simple" }
sdist = { url = "https://files.pythonhosted.org/packages/f9/e2/3e91f31a7d2b083fe6ef3fa267035b518369d9511ffab804f839851d2779/pluggy-1.6.0.tar.gz", hash = "sha256:7dcc130b76258d33b90f61b658791dede3486c3e6bfb003ee5c9bfb396dd22f3", size = 69412, upload-time = "2025-05-15T12:30:07.975Z" }
wheels = [
    { url = "https://files.pythonhosted.org/packages/54/20/4d324d65cc6d9205fabedc306948156824eb9f0ee1633355a8f7ec5c66bf/pluggy-1.6.0-py3-none-any.whl", hash = "sha256:e920276dd6813095e9377c0bc5566d94c932c33b27a3e3945d8389c374dd4746", size = 20538, upload-time = "2025-05-15T12:30:06.134Z" },
]

[[package]]
name = "prettytable"
version = "3.18.0"
source = { registry = "https://pypi.org/simple" }
dependencies = [
    { name = "wcwidth" },
]
sdist = { url = "https://files.pythonhosted.org/packages/81/74/ba08d81e668ccfe8658d7520a307e63c19862c08eb4ccb26f356c5239a7a/prettytable-3.18.0.tar.gz", hash = "sha256:439217116152244369caf3d9f1caf2f9fe29b03bd79e88d2928c8e718c95d680", size = 76373, upload-time = "2026-06-22T16:07:50.174Z" }
wheels = [
    { url = "https://files.pythonhosted.org/packages/fe/be/2e6798ace5cc036f5d05d36b7b2fd85346f1a708c87060890b070d0ec607/prettytable-3.18.0-py3-none-any.whl", hash = "sha256:b3346e0e6f79180833aebaac088ae926340586cf6d7d991b9eb125b65f72313a", size = 37357, upload-time = "2026-06-22T16:07:48.595Z" },
]

[[package]]
name = "pygments"
version = "2.20.0"
source = { registry = "https://pypi.org/simple" }
sdist = { url = "https://files.pythonhosted.org/packages/c3/b2/bc9c9196916376152d655522fdcebac55e66de6603a76a02bca1b6414f6c/pygments-2.20.0.tar.gz", hash = "sha256:6757cd03768053ff99f3039c1a36d6c0aa0b263438fcab17520b30a303a82b5f", size = 4955991, upload-time = "2026-03-29T13:29:33.898Z" }
wheels = [
    { url = "https://files.pythonhosted.org/packages/f4/7e/a72dd26f3b0f4f2bf1dd8923c85f7ceb43172af56d63c7383eb62b332364/pygments-2.20.0-py3-none-any.whl", hash = "sha256:81a9e26dd42fd28a23a2d169d86d7ac03b46e2f8b59ed4698fb4785f946d0176", size = 1231151, upload-time = "2026-03-29T13:29:30.038Z" },
]

[[package]]
name = "pytest"
version = "9.1.1"
source = { registry = "https://pypi.org/simple" }
dependencies = [
    { name = "colorama", marker = "sys_platform == 'win32'" },
    { name = "iniconfig" },
    { name = "packaging" },
    { name = "pluggy" },
    { name = "pygments" },
]
sdist = { url = "https://files.pythonhosted.org/packages/e4/47/b9efed96c114afcfa3c9d3fe98a76a1d14c74a9e266d397cf6eb64be5e01/pytest-9.1.1.tar.gz", hash = "sha256:1088fbde8f2b49d95a549a195707afa7a76a3ce9bcadc26b6d71f0ffda5fe313", size = 1636369, upload-time = "2026-06-19T10:58:32.857Z" }
wheels = [
    { url = "https://files.pythonhosted.org/packages/24/25/1de2678b631f5a49215c6c96fff41ba892b0a34df68d6d80292b1b48aa7f/pytest-9.1.1-py3-none-any.whl", hash = "sha256:37a86b45efb9a47a61a36449063e8e18d0cab3161329fc099eb21783169c4f0c", size = 386536, upload-time = "2026-06-19T10:58:31.347Z" },
]

[[package]]
name = "ruff"
version = "0.16.4"
source = { registry = "https://pypi.org/simple" }
sdist = { url = "https://files.pythonhosted.org/packages/00/8f/d8074b1f25e003164087a8bfe79a0f1a3945135764dbb6aaab04103dcaf9/ruff-0.16.4.tar.gz", hash = "sha256:13171aa9d9af2240ee3504e639de73122c67e74036de5ba2e1d01422cd17e3dc", size = 4899731, upload-time = "2026-08-20T17:43:59.196Z" }
wheels = [
    { url = "https://files.pythonhosted.org/packages/ff/80/779895ef584e089d22f2c6df0d0e99a65ec2df0805f1fffd439415b8c1f0/ruff-0.16.4-py3-none-linux_armv6l.whl", hash = "sha256:df4075f71ddac40b9934af60c3ec8a53047dd5a5fdc43224e6e4e8e9a27cb6f7", size = 10006909, upload-time = "2026-08-20T17:43:16.888Z" },
    { url = "https://files.pythonhosted.org/packages/a9/e6/f553199b5e8927a05cb5c422d921fd0656b29ab976e91c44802107c6b0da/ruff-0.16.4-py3-none-macosx_10_12_x86_64.whl", hash = "sha256:0c95538517af68004306b0fb3214ff2f2af67a65092aee77cd9eb86db6656604", size = 10240201, upload-time = "2026-08-20T17:43:19.337Z" },
    { url = "https://files.pythonhosted.org/packages/1c/70/4a6dc4bb34da4dee35e30f09bbd1bfbdd26f33b62fb9b8df31f08a199cd2/ruff-0.16.4-py3-none-macosx_11_0_arm64.whl", hash = "sha256:963f83df8e69e575b64d67dd447ebbc917db41a14bf38d4593a4183e7aaa8255", size = 9835122, upload-time = "2026-08-20T17:43:21.708Z" },
    { url = "https://files.pythonhosted.org/packages/24/12/c6e22d686372c15bcb7af99831f1a1be96df696491babf4f24e4f942c527/ruff-0.16.4-py3-none-manylinux_2_17_aarch64.manylinux2014_aarch64.whl", hash = "sha256:32a5057c7ff3f6e6480a48fccfb3a412a690f48a3d03ac5cf08177d6c2da3ade", size = 9977162, upload-time = "2026-08-20T17:43:24.236Z" },
    { url = "https://files.pythonhosted.org/packages/46/49/72b10ec912f5ab5854992eaf7aa7cd36729b6937d9dc4e0fb41b3bf428ec/ruff-0.16.4-py3-none-manylinux_2_17_armv7l.manylinux2014_armv7l.whl", hash = "sha256:b3dce8d9b0c57c265b91885a66a567d8ea1372e8eb4e250fa8e5e3f579e99cff", size = 9829789, upload-time = "2026-08-20T17:43:26.966Z" },
    { url = "https://files.pythonhosted.org/packages/fa/80/0f30e32e7f6ee26edc39075502db9d368d788a44a79b55f763eb4ab03796/ruff-0.16.4-py3-none-manylinux_2_17_i686.manylinux2014_i686.whl", hash = "sha256:7dc651db49283c69f8e72c834eec4fe5573e4c646856aebece0ce385dceb2a80", size = 10527949, upload-time = "2026-08-20T17:43:29.384Z" },
    { url = "https://files.pythonhosted.org/packages/52/3d/86e8ad3542169e56cac3859a343afdb9df2ad54d35a59ce1e67baee83421/ruff-0.16.4-py3-none-manylinux_2_17_ppc64le.manylinux2014_ppc64le.whl", hash = "sha256:3817b87dbcabc92f13b05019257c5b89b5b4d51b5fb20f56fb5235ceb723cd07", size = 11333695, upload-time = "2026-08-20T17:43:31.872Z" },
    { url = "https://files.pythonhosted.org/packages/d0/16/481c29b380c20a0054a8261066665e1b3488e23636c49d0a43e75975b9bb/ruff-0.16.4-py3-none-manylinux_2_17_s390x.manylinux2014_s390x.whl", hash = "sha256:e9fce1499134b2c8c68e5166f95705a5812062bb93aacc5f9873bb1a27084bc7", size = 10727741, upload-time = "2026-08-20T17:43:34.596Z" },
    { url = "https://files.pythonhosted.org/packages/5e/b6/56bc0b8cf45b54b28b3a5e6381c8945d51b5b18adf659454c32295209a31/ruff-0.16.4-py3-none-manylinux_2_17_x86_64.manylinux2014_x86_64.whl", hash = "sha256:f2d812e482f5a7e02eee26cd73d2a37ebbdf47d795ea63ba1b89110ae93e9fb3", size = 10286522, upload-time = "2026-08-20T17:43:37.288Z" },
    { url = "https://files.pythonhosted.org/packages/e8/8b/b345b4fb110f2fbe2bd31eabd271e5e8b3b7e4ee6c0e02f2dc6be78db000/ruff-0.16.4-py3-none-manylinux_2_31_riscv64.whl", hash = "sha256:6baaf984aa7976edf93d3b627fe2d1d22ee94bbca05fa6f90fc76d73924e3454", size = 10584182, upload-time = "2026-08-20T17:43:39.984Z" },
    { url = "https://files.pythonhosted.org/packages/29/e5/827b34041c35f58774a9681a4213994c164fc987800f4dddabcf451da0bf/ruff-0.16.4-py3-none-musllinux_1_2_aarch64.whl", hash = "sha256:bdfcf0b28662eb890372d50f92c283bb94e67e7635ed93c7fd533970acff7b2b", size = 10134195, upload-time = "2026-08-20T17:43:42.351Z" },
    { url = "https://files.pythonhosted.org/packages/0f/10/d0bffcdd6729b87afc82ba0ef377173356a7dc8e972f5179968cf2fdf98c/ruff-0.16.4-py3-none-musllinux_1_2_armv7l.whl", hash = "sha256:b66b02cb9b04f537643cadf5768e5f98dc461890d530cb67113d71c8c76e605d", size = 9825821, upload-time = "2026-08-20T17:43:44.532Z" },
    { url = "https://files.pythonhosted.org/packages/f5/32/0db2a863b796ca62d83e92a07a3ccf00921b14db02059347576a2fda3d4b/ruff-0.16.4-py3-none-musllinux_1_2_i686.whl", hash = "sha256:8528bf9a4b291a60bf02ea453511e8ce6215bd2b982ee80405b66b008b6c30a0", size = 10267658, upload-time = "2026-08-20T17:43:46.989Z" },
    { url = "https://files.pythonhosted.org/packages/b2/a0/fbdeb59e48c6261f523e56c8f12e9c08fbe693786595cc7e3959207a9232/ruff-0.16.4-py3-none-musllinux_1_2_x86_64.whl", hash = "sha256:fbd85d2875fdd67e833213a651f613bbf25303abf6aa822a5121f4531195678d", size = 10697071, upload-time = "2026-08-20T17:43:49.891Z" },
    { url = "https://files.pythonhosted.org/packages/aa/28/0c6dd865859c6d17bc8ccc34cb72b0e02d6c7eb25e8a1e22b5bea681e2c0/ruff-0.16.4-py3-none-win32.whl", hash = "sha256:312769988007aaeb8e189b443ccdd03c0e6374489e053467be6d96518ebff76e", size = 10021687, upload-time = "2026-08-20T17:43:52.281Z" },
    { url = "https://files.pythonhosted.org/packages/a3/03/e724450f621698117f9aa6dd241c94d0274ae96781378dc86745ae29f0e7/ruff-0.16.4-py3-none-win_amd64.whl", hash = "sha256:05d9d27a18c4bcbefada602480ec9e01e0bc949d432e0ced5df77edac195919c", size = 10567657, upload-time = "2026-08-20T17:43:54.78Z" },
    { url = "https://files.pythonhosted.org/packages/0e/fe/da8b9e1347696bb22120b77280ec5ce25d500ca5cb39d5ad6e5c18de19c1/ruff-0.16.4-py3-none-win_arm64.whl", hash = "sha256:a3a61621c9b6f6a89573e938a080e648f1695baa3f58570a3a707bc51ff65a21", size = 10451579, upload-time = "2026-08-20T17:43:57.135Z" },
]

[[package]]
name = "sou"
version = "0.1.0"
source = { editable = "." }
dependencies = [
    { name = "click" },
    { name = "prettytable" },
]

[package.dev-dependencies]
dev = [
    { name = "debugpy" },
    { name = "pytest" },
    { name = "ruff" },
    { name = "ty" },
]

[package.metadata]
requires-dist = [
    { name = "click", specifier = ">=8.4.2" },
    { name = "prettytable", specifier = ">=3.18.0" },
]

[package.metadata.requires-dev]
dev = [
    { name = "debugpy", specifier = ">=1.8.21" },
    { name = "pytest", specifier = ">=9.1.1" },
    { name = "ruff", specifier = "==0.16.4" },
    { name = "ty", specifier = ">=0.0.76" },
]

[[package]]
name = "ty"
version = "0.0.76"
source = { registry = "https://pypi.org/simple" }
sdist = { url = "https://files.pythonhosted.org/packages/98/82/d840488d9e2e30ce5d7b11324bb79bb15e040a2ebd6b0f28fc4376ec0dc8/ty-0.0.76.tar.gz", hash = "sha256:26029f10116db099896be693b316ba972dcbec00c115caafb646fd7c00dbdd37", size = 6991572, upload-time = "2026-08-31T15:56:19.445Z" }
wheels = [
    { url = "https://files.pythonhosted.org/packages/7a/65/9300b82445d75f7336110c1f26a734f90fe7dc8cde14d9949de928f98be6/ty-0.0.76-py3-none-linux_armv6l.whl", hash = "sha256:e3c1bffbac96a81a41ed1b7f233dbb312e13c48c9490721fa65684c541059d25", size = 13192104, upload-time = "2026-08-31T15:55:40.72Z" },
    { url = "https://files.pythonhosted.org/packages/57/68/3dff7a8aa9ab4464c90d20a38391b4501ffdce53ad9d9c5657a2c6ca915e/ty-0.0.76-py3-none-macosx_10_12_x86_64.whl", hash = "sha256:b6911a50d3c675a9f07bc651d77784adc4615faeff97f8aeb16b7607bae50c73", size = 12807234, upload-time = "2026-08-31T15:55:43.309Z" },
    { url = "https://files.pythonhosted.org/packages/a1/4c/07695bf5539ba4c29ab1cbe3ff44668a6d3f2ab673c2d1f0a395a92878fd/ty-0.0.76-py3-none-macosx_11_0_arm64.whl", hash = "sha256:b9193de7942f7f6eeb95b88b9026acc6090aa8038446323b37c6481c296b8617", size = 12601683, upload-time = "2026-08-31T15:55:45.513Z" },
    { url = "https://files.pythonhosted.org/packages/12/a6/113694381be6a799b149fbacadcd20e74aeb2464182ca8fcc51306704b40/ty-0.0.76-py3-none-manylinux_2_17_aarch64.manylinux2014_aarch64.whl", hash = "sha256:103b8792e437d640e56b7fe6a9e84dd574142427f0e13440897f12603b01c78b", size = 12660190, upload-time = "2026-08-31T15:55:47.655Z" },
    { url = "https://files.pythonhosted.org/packages/70/e2/b9feb9736f3067166a762986147615d81a6cdfde31a0c7e5cc8cac621903/ty-0.0.76-py3-none-manylinux_2_17_armv7l.manylinux2014_armv7l.whl", hash = "sha256:886bc8b0fed79a7315f21efee2579a9cef69f33c1a20fbd6bc87fa87616164bb", size = 12946723, upload-time = "2026-08-31T15:55:49.794Z" },
    { url = "https://files.pythonhosted.org/packages/9d/31/03e405c493fd7064e822b2d54334738ddc58cec6d8833a72b07f0d3465de/ty-0.0.76-py3-none-manylinux_2_17_i686.manylinux2014_i686.whl", hash = "sha256:b08468a66067858aeaf68b0cb9938cd4cab8647049018e76466ddca417a2290c", size = 13785735, upload-time = "2026-08-31T15:55:51.896Z" },
    { url = "https://files.pythonhosted.org/packages/59/5f/bbe0bf573d9870fbe12244a4b5e95569220cf6c65c23145e1cf66a36767b/ty-0.0.76-py3-none-manylinux_2_17_ppc64le.manylinux2014_ppc64le.whl", hash = "sha256:470e6c618f3712d7b32435f83550144384fb42b0c2e127c6446e1d6a907a8b4f", size = 14246676, upload-time = "2026-08-31T15:55:54.748Z" },
    { url = "https://files.pythonhosted.org/packages/c0/3f/77d7e500b2820ae8ea87fe71e8bcb1d897fc5ad7b3856c434e0046c29b6a/ty-0.0.76-py3-none-manylinux_2_17_s390x.manylinux2014_s390x.whl", hash = "sha256:73c0f786dee77040b87784c35b390f40dc331c52cb63ede67f006414d892351f", size = 13921888, upload-time = "2026-08-31T15:55:57.107Z" },
    { url = "https://files.pythonhosted.org/packages/cb/ab/29f8bb853ee53c767f61981ebf6d1e522245c28e366db22b3564ff36ab4c/ty-0.0.76-py3-none-manylinux_2_17_x86_64.manylinux2014_x86_64.whl", hash = "sha256:6e91c4d6d6f3d1f2a114655b2b43b1859af90ee9aed6120b2b8d873956c63e9e", size = 13305656, upload-time = "2026-08-31T15:55:59.447Z" },
    { url = "https://files.pythonhosted.org/packages/6f/3c/78eb87c3ae050c048810ff7af82881d9ce57ee4d2b927426907e9d8f195e/ty-0.0.76-py3-none-manylinux_2_31_riscv64.whl", hash = "sha256:ca28d51020b9c9c2c1302d738a9e11857278aa1d0b830f9ee3a35b01144135da", size = 13834815, upload-time = "2026-08-31T15:56:01.508Z" },
    { url = "https://files.pythonhosted.org/packages/dc/83/3a0119b1e64babdd5b0a6a4e58526b449cff8f0ae7fed75e1ecac446b86b/ty-0.0.76-py3-none-musllinux_1_2_aarch64.whl", hash = "sha256:fc616d1ab7e27c5255742701f6b5da4d1a5102dba64632884366e4b04c81b927", size = 12783689, upload-time = "2026-08-31T15:56:03.725Z" },
    { url = "https://files.pythonhosted.org/packages/93/50/c1b45201820bf2c7298d8f82993acea14096394c05a62f4952ec1f0e6725/ty-0.0.76-py3-none-musllinux_1_2_armv7l.whl", hash = "sha256:575f707b3ce40ed249394b5c8b2dc4b523e50730d7d60985d93bf956fc4dcf65", size = 12978095, upload-time = "2026-08-31T15:56:05.893Z" },
    { url = "https://files.pythonhosted.org/packages/9f/97/bcb680dcb0b84ecb7600781d7e2462adc4b6b8370443cbe3b36ef77e653a/ty-0.0.76-py3-none-musllinux_1_2_i686.whl", hash = "sha256:ffa1cffbc62a1dfe627f852d3d20c4e49441dc0e2c5d44dd6538c844a3f6d62e", size = 13285899, upload-time = "2026-08-31T15:56:07.99Z" },
    { url = "https://files.pythonhosted.org/packages/5c/77/609b77a22e583034d53ff1a1395d772d7bbe817812cfdb02a31b82db85af/ty-0.0.76-py3-none-musllinux_1_2_x86_64.whl", hash = "sha256:11cb5155c71d74ae4662f7e880462fbcd343980a635d79d6bb35fa98cf115b16", size = 13565327, upload-time = "2026-08-31T15:56:10.128Z" },
    { url = "https://files.pythonhosted.org/packages/53/53/d514b3456346aa2d87a5e332a2a7087ee4815cf51671fff8d12f57716457/ty-0.0.76-py3-none-win32.whl", hash = "sha256:12a5567e8278afb398b16251df142b2926809c7365aa7c395f3f9c72782ad052", size = 12540940, upload-time = "2026-08-31T15:56:12.328Z" },
    { url = "https://files.pythonhosted.org/packages/9f/c9/e7877257c8b3ebcd30346c4df0b19466551128fe38ac27f594b6d99af17b/ty-0.0.76-py3-none-win_amd64.whl", hash = "sha256:4ac9762bff39bee64679dba416151e88d4067a873eff737cd9c902ae7a325cc9", size = 13145276, upload-time = "2026-08-31T15:56:14.658Z" },
    { url = "https://files.pythonhosted.org/packages/fe/e6/e86d0609c6046f1dd808c0ceee718b562306bc019106037e32fde465d447/ty-0.0.76-py3-none-win_arm64.whl", hash = "sha256:4f546fb03f4c1e2506e894560a5d37729eca81560fcdfd0f860e5314f427ac9a", size = 12968214, upload-time = "2026-08-31T15:56:16.815Z" },
]

[[package]]
name = "wcwidth"
version = "0.8.2"
source = { registry = "https://pypi.org/simple" }
sdist = { url = "https://files.pythonhosted.org/packages/34/74/c6428f875774288bec1396f5bfcbc2d925700a4dad61727fd5f2b12f249d/wcwidth-0.8.2.tar.gz", hash = "sha256:91fbef97204b96a3d4d421609b80340b760cf33e26da123ff243d76b1fda8dda", size = 1466253, upload-time = "2026-06-29T18:11:11.601Z" }
wheels = [
    { url = "https://files.pythonhosted.org/packages/96/42/3e5985a0a7e57de470b320c6d6a1a67c844f6737a587f3d44dd13d1819e7/wcwidth-0.8.2-py3-none-any.whl", hash = "sha256:d63947694a0539a1d51e01eda7caf800c291020e6cdd7e28ad7b14dd33ad4f85", size = 323166, upload-time = "2026-06-29T18:11:09.888Z" },
]
